{
  "name": "web3",
  "version": "0.20.2",
  "lockfileVersion": 1,
  "requires": true,
  "dependencies": {
    "solidity-test-util": {
      "version": "1.0.8",
      "resolved": "https://registry.npmjs.org/solidity-test-util/-/solidity-test-util-1.0.8.tgz",
      "integrity": "sha512-L9hbdQWagToQH7FKR9jHWAJ1bt2oQPc/v4Q2rppZG3MA1duDNqffGqpJweVBxImpwB2ogbMXtuLsXbOo8vxuew=="
    }
  }
}
